// !$*UTF8*$!
{
	archiveVersion = 1;
	classes = {
	};
	objectVersion = 56;
	objects = {

/* Begin PBXBuildFile section */
		65EF84402CA99A21002EFF27 /* DetailViewCell.swift in Sources */ = {isa = PBXBuildFile; fileRef = 65EF843F2CA99A21002EFF27 /* DetailViewCell.swift */; };
		65EF84432CA9F055002EFF27 /* EpisodeViewController.swift in Sources */ = {isa = PBXBuildFile; fileRef = 65EF84422CA9F055002EFF27 /* EpisodeViewController.swift */; };
		65EF84452CA9F096002EFF27 /* EpisodeView.swift in Sources */ = {isa = PBXBuildFile; fileRef = 65EF84442CA9F096002EFF27 /* EpisodeView.swift */; };
		65FCF7792CA7028D009EB880 /* AppDelegate.swift in Sources */ = {isa = PBXBuildFile; fileRef = 65FCF7782CA7028D009EB880 /* AppDelegate.swift */; };
		65FCF77B2CA7028D009EB880 /* SceneDelegate.swift in Sources */ = {isa = PBXBuildFile; fileRef = 65FCF77A2CA7028D009EB880 /* SceneDelegate.swift */; };
		65FCF77D2CA7028D009EB880 /* HomeViewController.swift in Sources */ = {isa = PBXBuildFile; fileRef = 65FCF77C2CA7028D009EB880 /* HomeViewController.swift */; };
		65FCF7822CA7028E009EB880 /* Assets.xcassets in Resources */ = {isa = PBXBuildFile; fileRef = 65FCF7812CA7028E009EB880 /* Assets.xcassets */; };
		65FCF7852CA7028E009EB880 /* LaunchScreen.storyboard in Resources */ = {isa = PBXBuildFile; fileRef = 65FCF7832CA7028E009EB880 /* LaunchScreen.storyboard */; };
		65FCF7942CA705BE009EB880 /* DetailViewController.swift in Sources */ = {isa = PBXBuildFile; fileRef = 65FCF7932CA705BD009EB880 /* DetailViewController.swift */; };
		65FCF7962CA705E0009EB880 /* DetailView.swift in Sources */ = {isa = PBXBuildFile; fileRef = 65FCF7952CA705E0009EB880 /* DetailView.swift */; };
		65FCF7992CA7065C009EB880 /* DataManager.swift in Sources */ = {isa = PBXBuildFile; fileRef = 65FCF7982CA7065C009EB880 /* DataManager.swift */; };
		65FCF79D2CA70763009EB880 /* ViewCodeProtocol.swift in Sources */ = {isa = PBXBuildFile; fileRef = 65FCF79C2CA70763009EB880 /* ViewCodeProtocol.swift */; };
/* End PBXBuildFile section */

/* Begin PBXFileReference section */
		65EF843F2CA99A21002EFF27 /* DetailViewCell.swift */ = {isa = PBXFileReference; lastKnownFileType = sourcecode.swift; path = DetailViewCell.swift; sourceTree = "<group>"; };
		65EF84422CA9F055002EFF27 /* EpisodeViewController.swift */ = {isa = PBXFileReference; lastKnownFileType = sourcecode.swift; path = EpisodeViewController.swift; sourceTree = "<group>"; };
		65EF84442CA9F096002EFF27 /* EpisodeView.swift */ = {isa = PBXFileReference; lastKnownFileType = sourcecode.swift; path = EpisodeView.swift; sourceTree = "<group>"; };
		65FCF7752CA7028D009EB880 /* MyPodcaster.app */ = {isa = PBXFileReference; explicitFileType = wrapper.application; includeInIndex = 0; path = MyPodcaster.app; sourceTree = BUILT_PRODUCTS_DIR; };
		65FCF7782CA7028D009EB880 /* AppDelegate.swift */ = {isa = PBXFileReference; lastKnownFileType = sourcecode.swift; path = AppDelegate.swift; sourceTree = "<group>"; };
		65FCF77A2CA7028D009EB880 /* SceneDelegate.swift */ = {isa = PBXFileReference; lastKnownFileType = sourcecode.swift; path = SceneDelegate.swift; sourceTree = "<group>"; };
		65FCF77C2CA7028D009EB880 /* HomeViewController.swift */ = {isa = PBXFileReference; lastKnownFileType = sourcecode.swift; path = HomeViewController.swift; sourceTree = "<group>"; };
		65FCF7812CA7028E009EB880 /* Assets.xcassets */ = {isa = PBXFileReference; lastKnownFileType = folder.assetcatalog; path = Assets.xcassets; sourceTree = "<group>"; };
		65FCF7842CA7028E009EB880 /* Base */ = {isa = PBXFileReference; lastKnownFileType = file.storyboard; name = Base; path = Base.lproj/LaunchScreen.storyboard; sourceTree = "<group>"; };
		65FCF7862CA7028E009EB880 /* Info.plist */ = {isa = PBXFileReference; lastKnownFileType = text.plist.xml; path = Info.plist; sourceTree = "<group>"; };
		65FCF7932CA705BD009EB880 /* DetailViewController.swift */ = {isa = PBXFileReference; lastKnownFileType = sourcecode.swift; path = DetailViewController.swift; sourceTree = "<group>"; };
		65FCF7952CA705E0009EB880 /* DetailView.swift */ = {isa = PBXFileReference; lastKnownFileType = sourcecode.swift; path = DetailView.swift; sourceTree = "<group>"; };
		65FCF7982CA7065C009EB880 /* DataManager.swift */ = {isa = PBXFileReference; lastKnownFileType = sourcecode.swift; path = DataManager.swift; sourceTree = "<group>"; };
		65FCF79C2CA70763009EB880 /* ViewCodeProtocol.swift */ = {isa = PBXFileReference; lastKnownFileType = sourcecode.swift; path = ViewCodeProtocol.swift; sourceTree = "<group>"; };
/* End PBXFileReference section */

/* Begin PBXFrameworksBuildPhase section */
		65FCF7722CA7028D009EB880 /* Frameworks */ = {
			isa = PBXFrameworksBuildPhase;
			buildActionMask = 2147483647;
			files = (
			);
			runOnlyForDeploymentPostprocessing = 0;
		};
/* End PBXFrameworksBuildPhase section */

/* Begin PBXGroup section */
		65EF843E2CA99A01002EFF27 /* Cell */ = {
			isa = PBXGroup;
			children = (
				65EF843F2CA99A21002EFF27 /* DetailViewCell.swift */,
			);
			path = Cell;
			sourceTree = "<group>";
		};
		65EF84412CA9F039002EFF27 /* Episode */ = {
			isa = PBXGroup;
			children = (
				65EF84422CA9F055002EFF27 /* EpisodeViewController.swift */,
				65EF84442CA9F096002EFF27 /* EpisodeView.swift */,
			);
			path = Episode;
			sourceTree = "<group>";
		};
		65FCF76C2CA7028D009EB880 = {
			isa = PBXGroup;
			children = (
				65FCF7772CA7028D009EB880 /* MyPodcaster */,
				65FCF7762CA7028D009EB880 /* Products */,
			);
			sourceTree = "<group>";
		};
		65FCF7762CA7028D009EB880 /* Products */ = {
			isa = PBXGroup;
			children = (
				65FCF7752CA7028D009EB880 /* MyPodcaster.app */,
			);
			name = Products;
			sourceTree = "<group>";
		};
		65FCF7772CA7028D009EB880 /* MyPodcaster */ = {
			isa = PBXGroup;
			children = (
				65FCF78D2CA7054E009EB880 /* Modules */,
				65FCF79A2CA70736009EB880 /* Application */,
				65FCF7812CA7028E009EB880 /* Assets.xcassets */,
				65FCF7832CA7028E009EB880 /* LaunchScreen.storyboard */,
				65FCF7862CA7028E009EB880 /* Info.plist */,
			);
			path = MyPodcaster;
			sourceTree = "<group>";
		};
		65FCF78C2CA70541009EB880 /* AppDelegate */ = {
			isa = PBXGroup;
			children = (
				65FCF7782CA7028D009EB880 /* AppDelegate.swift */,
				65FCF77A2CA7028D009EB880 /* SceneDelegate.swift */,
			);
			path = AppDelegate;
			sourceTree = "<group>";
		};
		65FCF78D2CA7054E009EB880 /* Modules */ = {
			isa = PBXGroup;
			children = (
				65EF84412CA9F039002EFF27 /* Episode */,
				65FCF7912CA70595009EB880 /* DetailView */,
				65FCF78E2CA70558009EB880 /* Home */,
				65FCF7972CA7063D009EB880 /* Shared Service */,
			);
			path = Modules;
			sourceTree = "<group>";
		};
		65FCF78E2CA70558009EB880 /* Home */ = {
			isa = PBXGroup;
			children = (
				65FCF7902CA70582009EB880 /* View */,
			);
			path = Home;
			sourceTree = "<group>";
		};
		65FCF7902CA70582009EB880 /* View */ = {
			isa = PBXGroup;
			children = (
				65FCF77C2CA7028D009EB880 /* HomeViewController.swift */,
			);
			path = View;
			sourceTree = "<group>";
		};
		65FCF7912CA70595009EB880 /* DetailView */ = {
			isa = PBXGroup;
			children = (
				65FCF7922CA705A1009EB880 /* View */,
			);
			path = DetailView;
			sourceTree = "<group>";
		};
		65FCF7922CA705A1009EB880 /* View */ = {
			isa = PBXGroup;
			children = (
				65EF843E2CA99A01002EFF27 /* Cell */,
				65FCF7932CA705BD009EB880 /* DetailViewController.swift */,
				65FCF7952CA705E0009EB880 /* DetailView.swift */,
			);
			path = View;
			sourceTree = "<group>";
		};
		65FCF7972CA7063D009EB880 /* Shared Service */ = {
			isa = PBXGroup;
			children = (
				65FCF7982CA7065C009EB880 /* DataManager.swift */,
			);
			path = "Shared Service";
			sourceTree = "<group>";
		};
		65FCF79A2CA70736009EB880 /* Application */ = {
			isa = PBXGroup;
			children = (
				65FCF79B2CA70746009EB880 /* Reusable Components */,
				65FCF78C2CA70541009EB880 /* AppDelegate */,
			);
			path = Application;
			sourceTree = "<group>";
		};
		65FCF79B2CA70746009EB880 /* Reusable Components */ = {
			isa = PBXGroup;
			children = (
				65FCF79C2CA70763009EB880 /* ViewCodeProtocol.swift */,
			);
			path = "Reusable Components";
			sourceTree = "<group>";
		};
/* End PBXGroup section */

/* Begin PBXNativeTarget section */
		65FCF7742CA7028D009EB880 /* MyPodcaster */ = {
			isa = PBXNativeTarget;
			buildConfigurationList = 65FCF7892CA7028E009EB880 /* Build configuration list for PBXNativeTarget "MyPodcaster" */;
			buildPhases = (
				65FCF7712CA7028D009EB880 /* Sources */,
				65FCF7722CA7028D009EB880 /* Frameworks */,
				65FCF7732CA7028D009EB880 /* Resources */,
			);
			buildRules = (
			);
			dependencies = (
			);
			name = MyPodcaster;
			productName = MyPodcaster;
			productReference = 65FCF7752CA7028D009EB880 /* MyPodcaster.app */;
			productType = "com.apple.product-type.application";
		};
/* End PBXNativeTarget section */

/* Begin PBXProject section */
		65FCF76D2CA7028D009EB880 /* Project object */ = {
			isa = PBXProject;
			attributes = {
				BuildIndependentTargetsInParallel = 1;
				LastSwiftUpdateCheck = 1500;
				LastUpgradeCheck = 1500;
				TargetAttributes = {
					65FCF7742CA7028D009EB880 = {
						CreatedOnToolsVersion = 15.0.1;
					};
				};
			};
			buildConfigurationList = 65FCF7702CA7028D009EB880 /* Build configuration list for PBXProject "MyPodcaster" */;
			compatibilityVersion = "Xcode 14.0";
			developmentRegion = en;
			hasScannedForEncodings = 0;
			knownRegions = (
				en,
				Base,
			);
			mainGroup = 65FCF76C2CA7028D009EB880;
			productRefGroup = 65FCF7762CA7028D009EB880 /* Products */;
			projectDirPath = "";
			projectRoot = "";
			targets = (
				65FCF7742CA7028D009EB880 /* MyPodcaster */,
			);
		};
/* End PBXProject section */

/* Begin PBXResourcesBuildPhase section */
		65FCF7732CA7028D009EB880 /* Resources */ = {
			isa = PBXResourcesBuildPhase;
			buildActionMask = 2147483647;
			files = (
				65FCF7852CA7028E009EB880 /* LaunchScreen.storyboard in Resources */,
				65FCF7822CA7028E009EB880 /* Assets.xcassets in Resources */,
			);
			runOnlyForDeploymentPostprocessing = 0;
		};
/* End PBXResourcesBuildPhase section */

/* Begin PBXSourcesBuildPhase section */
		65FCF7712CA7028D009EB880 /* Sources */ = {
			isa = PBXSourcesBuildPhase;
			buildActionMask = 2147483647;
			files = (
				65FCF77D2CA7028D009EB880 /* HomeViewController.swift in Sources */,
				65EF84432CA9F055002EFF27 /* EpisodeViewController.swift in Sources */,
				65FCF7992CA7065C009EB880 /* DataManager.swift in Sources */,
				65FCF7792CA7028D009EB880 /* AppDelegate.swift in Sources */,
				65EF84452CA9F096002EFF27 /* EpisodeView.swift in Sources */,
				65FCF77B2CA7028D009EB880 /* SceneDelegate.swift in Sources */,
				65FCF79D2CA70763009EB880 /* ViewCodeProtocol.swift in Sources */,
				65EF84402CA99A21002EFF27 /* DetailViewCell.swift in Sources */,
				65FCF7962CA705E0009EB880 /* DetailView.swift in Sources */,
				65FCF7942CA705BE009EB880 /* DetailViewController.swift in Sources */,
			);
			runOnlyForDeploymentPostprocessing = 0;
		};
/* End PBXSourcesBuildPhase section */

/* Begin PBXVariantGroup section */
		65FCF7832CA7028E009EB880 /* LaunchScreen.storyboard */ = {
			isa = PBXVariantGroup;
			children = (
				65FCF7842CA7028E009EB880 /* Base */,
			);
			name = LaunchScreen.storyboard;
			sourceTree = "<group>";
		};
/* End PBXVariantGroup section */

/* Begin XCBuildConfiguration section */
		65FCF7872CA7028E009EB880 /* Debug */ = {
			isa = XCBuildConfiguration;
			buildSettings = {
				ALWAYS_SEARCH_USER_PATHS = NO;
				ASSETCATALOG_COMPILER_GENERATE_SWIFT_ASSET_SYMBOL_EXTENSIONS = YES;
				CLANG_ANALYZER_NONNULL = YES;
				CLANG_ANALYZER_NUMBER_OBJECT_CONVERSION = YES_AGGRESSIVE;
				CLANG_CXX_LANGUAGE_STANDARD = "gnu++20";
				CLANG_ENABLE_MODULES = YES;
				CLANG_ENABLE_OBJC_ARC = YES;
				CLANG_ENABLE_OBJC_WEAK = YES;
				CLANG_WARN_BLOCK_CAPTURE_AUTORELEASING = YES;
				CLANG_WARN_BOOL_CONVERSION = YES;
				CLANG_WARN_COMMA = YES;
				CLANG_WARN_CONSTANT_CONVERSION = YES;
				CLANG_WARN_DEPRECATED_OBJC_IMPLEMENTATIONS = YES;
				CLANG_WARN_DIRECT_OBJC_ISA_USAGE = YES_ERROR;
				CLANG_WARN_DOCUMENTATION_COMMENTS = YES;
				CLANG_WARN_EMPTY_BODY = YES;
				CLANG_WARN_ENUM_CONVERSION = YES;
				CLANG_WARN_INFINITE_RECURSION = YES;
				CLANG_WARN_INT_CONVERSION = YES;
				CLANG_WARN_NON_LITERAL_NULL_CONVERSION = YES;
				CLANG_WARN_OBJC_IMPLICIT_RETAIN_SELF = YES;
				CLANG_WARN_OBJC_LITERAL_CONVERSION = YES;
				CLANG_WARN_OBJC_ROOT_CLASS = YES_ERROR;
				CLANG_WARN_QUOTED_INCLUDE_IN_FRAMEWORK_HEADER = YES;
				CLANG_WARN_RANGE_LOOP_ANALYSIS = YES;
				CLANG_WARN_STRICT_PROTOTYPES = YES;
				CLANG_WARN_SUSPICIOUS_MOVE = YES;
				CLANG_WARN_UNGUARDED_AVAILABILITY = YES_AGGRESSIVE;
				CLANG_WARN_UNREACHABLE_CODE = YES;
				CLANG_WARN__DUPLICATE_METHOD_MATCH = YES;
				COPY_PHASE_STRIP = NO;
				DEBUG_INFORMATION_FORMAT = dwarf;
				ENABLE_STRICT_OBJC_MSGSEND = YES;
				ENABLE_TESTABILITY = YES;
				ENABLE_USER_SCRIPT_SANDBOXING = YES;
				GCC_C_LANGUAGE_STANDARD = gnu17;
				GCC_DYNAMIC_NO_PIC = NO;
				GCC_NO_COMMON_BLOCKS = YES;
				GCC_OPTIMIZATION_LEVEL = 0;
				GCC_PREPROCESSOR_DEFINITIONS = (
					"DEBUG=1",
					"$(inherited)",
				);
				GCC_WARN_64_TO_32_BIT_CONVERSION = YES;
				GCC_WARN_ABOUT_RETURN_TYPE = YES_ERROR;
				GCC_WARN_UNDECLARED_SELECTOR = YES;
				GCC_WARN_UNINITIALIZED_AUTOS = YES_AGGRESSIVE;
				GCC_WARN_UNUSED_FUNCTION = YES;
				GCC_WARN_UNUSED_VARIABLE = YES;
				IPHONEOS_DEPLOYMENT_TARGET = 17.0;
				LOCALIZATION_PREFERS_STRING_CATALOGS = YES;
				MTL_ENABLE_DEBUG_INFO = INCLUDE_SOURCE;
				MTL_FAST_MATH = YES;
				ONLY_ACTIVE_ARCH = YES;
				SDKROOT = iphoneos;
				SWIFT_ACTIVE_COMPILATION_CONDITIONS = "DEBUG $(inherited)";
				SWIFT_OPTIMIZATION_LEVEL = "-Onone";
			};
			name = Debug;
		};
		65FCF7882CA7028E009EB880 /* Release */ = {
			isa = XCBuildConfiguration;
			buildSettings = {
				ALWAYS_SEARCH_USER_PATHS = NO;
				ASSETCATALOG_COMPILER_GENERATE_SWIFT_ASSET_SYMBOL_EXTENSIONS = YES;
				CLANG_ANALYZER_NONNULL = YES;
				CLANG_ANALYZER_NUMBER_OBJECT_CONVERSION = YES_AGGRESSIVE;
				CLANG_CXX_LANGUAGE_STANDARD = "gnu++20";
				CLANG_ENABLE_MODULES = YES;
				CLANG_ENABLE_OBJC_ARC = YES;
				CLANG_ENABLE_OBJC_WEAK = YES;
				CLANG_WARN_BLOCK_CAPTURE_AUTORELEASING = YES;
				CLANG_WARN_BOOL_CONVERSION = YES;
				CLANG_WARN_COMMA = YES;
				CLANG_WARN_CONSTANT_CONVERSION = YES;
				CLANG_WARN_DEPRECATED_OBJC_IMPLEMENTATIONS = YES;
				CLANG_WARN_DIRECT_OBJC_ISA_USAGE = YES_ERROR;
				CLANG_WARN_DOCUMENTATION_COMMENTS = YES;
				CLANG_WARN_EMPTY_BODY = YES;
				CLANG_WARN_ENUM_CONVERSION = YES;
				CLANG_WARN_INFINITE_RECURSION = YES;
				CLANG_WARN_INT_CONVERSION = YES;
				CLANG_WARN_NON_LITERAL_NULL_CONVERSION = YES;
				CLANG_WARN_OBJC_IMPLICIT_RETAIN_SELF = YES;
				CLANG_WARN_OBJC_LITERAL_CONVERSION = YES;
				CLANG_WARN_OBJC_ROOT_CLASS = YES_ERROR;
				CLANG_WARN_QUOTED_INCLUDE_IN_FRAMEWORK_HEADER = YES;
				CLANG_WARN_RANGE_LOOP_ANALYSIS = YES;
				CLANG_WARN_STRICT_PROTOTYPES = YES;
				CLANG_WARN_SUSPICIOUS_MOVE = YES;
				CLANG_WARN_UNGUARDED_AVAILABILITY = YES_AGGRESSIVE;
				CLANG_WARN_UNREACHABLE_CODE = YES;
				CLANG_WARN__DUPLICATE_METHOD_MATCH = YES;
				COPY_PHASE_STRIP = NO;
				DEBUG_INFORMATION_FORMAT = "dwarf-with-dsym";
				ENABLE_NS_ASSERTIONS = NO;
				ENABLE_STRICT_OBJC_MSGSEND = YES;
				ENABLE_USER_SCRIPT_SANDBOXING = YES;
				GCC_C_LANGUAGE_STANDARD = gnu17;
				GCC_NO_COMMON_BLOCKS = YES;
				GCC_WARN_64_TO_32_BIT_CONVERSION = YES;
				GCC_WARN_ABOUT_RETURN_TYPE = YES_ERROR;
				GCC_WARN_UNDECLARED_SELECTOR = YES;
				GCC_WARN_UNINITIALIZED_AUTOS = YES_AGGRESSIVE;
				GCC_WARN_UNUSED_FUNCTION = YES;
				GCC_WARN_UNUSED_VARIABLE = YES;
				IPHONEOS_DEPLOYMENT_TARGET = 17.0;
				LOCALIZATION_PREFERS_STRING_CATALOGS = YES;
				MTL_ENABLE_DEBUG_INFO = NO;
				MTL_FAST_MATH = YES;
				SDKROOT = iphoneos;
				SWIFT_COMPILATION_MODE = wholemodule;
				VALIDATE_PRODUCT = YES;
			};
			name = Release;
		};
		65FCF78A2CA7028E009EB880 /* Debug */ = {
			isa = XCBuildConfiguration;
			buildSettings = {
				ASSETCATALOG_COMPILER_APPICON_NAME = AppIcon;
				ASSETCATALOG_COMPILER_GLOBAL_ACCENT_COLOR_NAME = AccentColor;
				CODE_SIGN_STYLE = Automatic;
				CURRENT_PROJECT_VERSION = 1;
				GENERATE_INFOPLIST_FILE = YES;
				INFOPLIST_FILE = MyPodcaster/Info.plist;
				INFOPLIST_KEY_UIApplicationSupportsIndirectInputEvents = YES;
				INFOPLIST_KEY_UILaunchStoryboardName = LaunchScreen;
				INFOPLIST_KEY_UISupportedInterfaceOrientations_iPad = "UIInterfaceOrientationPortrait UIInterfaceOrientationPortraitUpsideDown UIInterfaceOrientationLandscapeLeft UIInterfaceOrientationLandscapeRight";
				INFOPLIST_KEY_UISupportedInterfaceOrientations_iPhone = "UIInterfaceOrientationPortrait UIInterfaceOrientationLandscapeLeft UIInterfaceOrientationLandscapeRight";
				LD_RUNPATH_SEARCH_PATHS = (
					"$(inherited)",
					"@executable_path/Frameworks",
				);
				MARKETING_VERSION = 1.0;
				PRODUCT_BUNDLE_IDENTIFIER = AndreBarros.MyPodcaster;
				PRODUCT_NAME = "$(TARGET_NAME)";
				SWIFT_EMIT_LOC_STRINGS = YES;
				SWIFT_VERSION = 5.0;
				TARGETED_DEVICE_FAMILY = "1,2";
			};
			name = Debug;
		};
		65FCF78B2CA7028E009EB880 /* Release */ = {
			isa = XCBuildConfiguration;
			buildSettings = {
				ASSETCATALOG_COMPILER_APPICON_NAME = AppIcon;
				ASSETCATALOG_COMPILER_GLOBAL_ACCENT_COLOR_NAME = AccentColor;
				CODE_SIGN_STYLE = Automatic;
				CURRENT_PROJECT_VERSION = 1;
				GENERATE_INFOPLIST_FILE = YES;
				INFOPLIST_FILE = MyPodcaster/Info.plist;
				INFOPLIST_KEY_UIApplicationSupportsIndirectInputEvents = YES;
				INFOPLIST_KEY_UILaunchStoryboardName = LaunchScreen;
				INFOPLIST_KEY_UISupportedInterfaceOrientations_iPad = "UIInterfaceOrientationPortrait UIInterfaceOrientationPortraitUpsideDown UIInterfaceOrientationLandscapeLeft UIInterfaceOrientationLandscapeRight";
				INFOPLIST_KEY_UISupportedInterfaceOrientations_iPhone = "UIInterfaceOrientationPortrait UIInterfaceOrientationLandscapeLeft UIInterfaceOrientationLandscapeRight";
				LD_RUNPATH_SEARCH_PATHS = (
					"$(inherited)",
					"@executable_path/Frameworks",
				);
				MARKETING_VERSION = 1.0;
				PRODUCT_BUNDLE_IDENTIFIER = AndreBarros.MyPodcaster;
				PRODUCT_NAME = "$(TARGET_NAME)";
				SWIFT_EMIT_LOC_STRINGS = YES;
				SWIFT_VERSION = 5.0;
				TARGETED_DEVICE_FAMILY = "1,2";
			};
			name = Release;
		};
/* End XCBuildConfiguration section */

/* Begin XCConfigurationList section */
		65FCF7702CA7028D009EB880 /* Build configuration list for PBXProject "MyPodcaster" */ = {
			isa = XCConfigurationList;
			buildConfigurations = (
				65FCF7872CA7028E009EB880 /* Debug */,
				65FCF7882CA7028E009EB880 /* Release */,
			);
			defaultConfigurationIsVisible = 0;
			defaultConfigurationName = Release;
		};
		65FCF7892CA7028E009EB880 /* Build configuration list for PBXNativeTarget "MyPodcaster" */ = {
			isa = XCConfigurationList;
			buildConfigurations = (
				65FCF78A2CA7028E009EB880 /* Debug */,
				65FCF78B2CA7028E009EB880 /* Release */,
			);
			defaultConfigurationIsVisible = 0;
			defaultConfigurationName = Release;
		};
/* End XCConfigurationList section */
	};
	rootObject = 65FCF76D2CA7028D009EB880 /* Project object */;
}
